// !$*UTF8*$!
{
	archiveVersion = 1;
	classes = {
	};
	objectVersion = 51;
	objects = {

/* Begin PBXBuildFile section */
		970122A894CCD357FFA39C76 /* Pods_Flux_SwiftUI.framework in Frameworks */ = {isa = PBXBuildFile; fileRef = D8CF8B9EC46FDF22E591BD1D /* Pods_Flux_SwiftUI.framework */; };
		9A90E52A23A2A42E00FE3523 /* AppDelegate.swift in Sources */ = {isa = PBXBuildFile; fileRef = 9A90E52923A2A42E00FE3523 /* AppDelegate.swift */; };
		9A90E52C23A2A42E00FE3523 /* SceneDelegate.swift in Sources */ = {isa = PBXBuildFile; fileRef = 9A90E52B23A2A42E00FE3523 /* SceneDelegate.swift */; };
		9A90E53023A2A43200FE3523 /* Assets.xcassets in Resources */ = {isa = PBXBuildFile; fileRef = 9A90E52F23A2A43200FE3523 /* Assets.xcassets */; };
		9A90E53323A2A43200FE3523 /* Preview Assets.xcassets in Resources */ = {isa = PBXBuildFile; fileRef = 9A90E53223A2A43200FE3523 /* Preview Assets.xcassets */; };
		9A90E53623A2A43200FE3523 /* LaunchScreen.storyboard in Resources */ = {isa = PBXBuildFile; fileRef = 9A90E53423A2A43200FE3523 /* LaunchScreen.storyboard */; };
		9A90E54123A2A43200FE3523 /* Flux_SwiftUIUITests.swift in Sources */ = {isa = PBXBuildFile; fileRef = 9A90E54023A2A43200FE3523 /* Flux_SwiftUIUITests.swift */; };
		9A90E54D23A2A81800FE3523 /* AppTabView.swift in Sources */ = {isa = PBXBuildFile; fileRef = 9A90E54C23A2A81800FE3523 /* AppTabView.swift */; };
		9A90E55023A2A88A00FE3523 /* MenusView.swift in Sources */ = {isa = PBXBuildFile; fileRef = 9A90E54F23A2A88A00FE3523 /* MenusView.swift */; };
		9A90E55423A2A8A300FE3523 /* InfoView.swift in Sources */ = {isa = PBXBuildFile; fileRef = 9A90E55323A2A8A300FE3523 /* InfoView.swift */; };
		9AF3B44223A2B00F00D5562C /* URLSession+Wrap.swift in Sources */ = {isa = PBXBuildFile; fileRef = 9AF3B43623A2B00F00D5562C /* URLSession+Wrap.swift */; };
		9AF3B44323A2B00F00D5562C /* CustomColor.swift in Sources */ = {isa = PBXBuildFile; fileRef = 9AF3B43723A2B00F00D5562C /* CustomColor.swift */; };
		9AF3B44423A2B00F00D5562C /* Info.swift in Sources */ = {isa = PBXBuildFile; fileRef = 9AF3B43923A2B00F00D5562C /* Info.swift */; };
		9AF3B44523A2B00F00D5562C /* Pizzeria.swift in Sources */ = {isa = PBXBuildFile; fileRef = 9AF3B43A23A2B00F00D5562C /* Pizzeria.swift */; };
		9AF3B44623A2B00F00D5562C /* light_menu.json in Resources */ = {isa = PBXBuildFile; fileRef = 9AF3B43C23A2B00F00D5562C /* light_menu.json */; };
		9AF3B44723A2B00F00D5562C /* pizzeria_menus.json in Resources */ = {isa = PBXBuildFile; fileRef = 9AF3B43D23A2B00F00D5562C /* pizzeria_menus.json */; };
		9AF3B44823A2B00F00D5562C /* white_menu.json in Resources */ = {isa = PBXBuildFile; fileRef = 9AF3B43E23A2B00F00D5562C /* white_menu.json */; };
		9AF3B44923A2B00F00D5562C /* classic_menu.json in Resources */ = {isa = PBXBuildFile; fileRef = 9AF3B43F23A2B00F00D5562C /* classic_menu.json */; };
		9AF3B44A23A2B00F00D5562C /* info.json in Resources */ = {isa = PBXBuildFile; fileRef = 9AF3B44023A2B00F00D5562C /* info.json */; };
		9AF3B44B23A2B00F00D5562C /* special_menu.json in Resources */ = {isa = PBXBuildFile; fileRef = 9AF3B44123A2B00F00D5562C /* special_menu.json */; };
		9AF3B44F23A2B04600D5562C /* PizzeriaService.swift in Sources */ = {isa = PBXBuildFile; fileRef = 9AF3B44D23A2B04600D5562C /* PizzeriaService.swift */; };
		9AF3B45023A2B04600D5562C /* Parser.swift in Sources */ = {isa = PBXBuildFile; fileRef = 9AF3B44E23A2B04600D5562C /* Parser.swift */; };
		9AF3B45223A2B11900D5562C /* Constants.swift in Sources */ = {isa = PBXBuildFile; fileRef = 9AF3B45123A2B11900D5562C /* Constants.swift */; };
		9AF3B45C23A2B1CF00D5562C /* PizzeriaStore.swift in Sources */ = {isa = PBXBuildFile; fileRef = 9AF3B45923A2B1CF00D5562C /* PizzeriaStore.swift */; };
		9AF3B45D23A2B1CF00D5562C /* InfoStore.swift in Sources */ = {isa = PBXBuildFile; fileRef = 9AF3B45A23A2B1CF00D5562C /* InfoStore.swift */; };
		9AF3B45E23A2B1CF00D5562C /* FetchingStatus.swift in Sources */ = {isa = PBXBuildFile; fileRef = 9AF3B45B23A2B1CF00D5562C /* FetchingStatus.swift */; };
		9AF3B46023A2B24700D5562C /* InfoViewModel.swift in Sources */ = {isa = PBXBuildFile; fileRef = 9AF3B45F23A2B24700D5562C /* InfoViewModel.swift */; };
		9AF3B46423A2C10700D5562C /* NavigationConfigurator.swift in Sources */ = {isa = PBXBuildFile; fileRef = 9AF3B46323A2C10700D5562C /* NavigationConfigurator.swift */; };
		9AF3B46623A2C3FA00D5562C /* ActivityIndicator.swift in Sources */ = {isa = PBXBuildFile; fileRef = 9AF3B46523A2C3FA00D5562C /* ActivityIndicator.swift */; };
		9AF3B46923A2C44900D5562C /* LoadingView.swift in Sources */ = {isa = PBXBuildFile; fileRef = 9AF3B46823A2C44900D5562C /* LoadingView.swift */; };
		9AF3B46B23A3BCE800D5562C /* InfoListView.swift in Sources */ = {isa = PBXBuildFile; fileRef = 9AF3B46A23A3BCE800D5562C /* InfoListView.swift */; };
		9AF3B46D23A3C78300D5562C /* Image+Tintable.swift in Sources */ = {isa = PBXBuildFile; fileRef = 9AF3B46C23A3C78300D5562C /* Image+Tintable.swift */; };
		9AF3B46F23A3C90300D5562C /* SafariView.swift in Sources */ = {isa = PBXBuildFile; fileRef = 9AF3B46E23A3C90300D5562C /* SafariView.swift */; };
		9AF3B47223A3DD5A00D5562C /* InfoRow.swift in Sources */ = {isa = PBXBuildFile; fileRef = 9AF3B47123A3DD5A00D5562C /* InfoRow.swift */; };
		9AF3B47523A3DDE300D5562C /* MenusListView.swift in Sources */ = {isa = PBXBuildFile; fileRef = 9AF3B47423A3DDE300D5562C /* MenusListView.swift */; };
		9AF3B47723A3E33600D5562C /* MenusViewModel.swift in Sources */ = {isa = PBXBuildFile; fileRef = 9AF3B47623A3E33600D5562C /* MenusViewModel.swift */; };
		E63B6F442EAC49353537D7E5 /* Pods_Flux_SwiftUIUITests.framework in Frameworks */ = {isa = PBXBuildFile; fileRef = 73245DC8C2DD2DBA014970F0 /* Pods_Flux_SwiftUIUITests.framework */; };
/* End PBXBuildFile section */

/* Begin PBXContainerItemProxy section */
		9A90E53D23A2A43200FE3523 /* PBXContainerItemProxy */ = {
			isa = PBXContainerItemProxy;
			containerPortal = 9A90E51E23A2A42E00FE3523 /* Project object */;
			proxyType = 1;
			remoteGlobalIDString = 9A90E52523A2A42E00FE3523;
			remoteInfo = "Flux-SwiftUI";
		};
/* End PBXContainerItemProxy section */

/* Begin PBXFileReference section */
		01ABD4B232B2B21BA4E7ECA4 /* Pods-Flux-SwiftUI.release.xcconfig */ = {isa = PBXFileReference; includeInIndex = 1; lastKnownFileType = text.xcconfig; name = "Pods-Flux-SwiftUI.release.xcconfig"; path = "Target Support Files/Pods-Flux-SwiftUI/Pods-Flux-SwiftUI.release.xcconfig"; sourceTree = "<group>"; };
		2956FBDBAA841ECDBDFB87C8 /* Pods-Flux-SwiftUIUITests.release.xcconfig */ = {isa = PBXFileReference; includeInIndex = 1; lastKnownFileType = text.xcconfig; name = "Pods-Flux-SwiftUIUITests.release.xcconfig"; path = "Target Support Files/Pods-Flux-SwiftUIUITests/Pods-Flux-SwiftUIUITests.release.xcconfig"; sourceTree = "<group>"; };
		6A95299B2A56D35E78B7489A /* Pods-Flux-SwiftUI.debug.xcconfig */ = {isa = PBXFileReference; includeInIndex = 1; lastKnownFileType = text.xcconfig; name = "Pods-Flux-SwiftUI.debug.xcconfig"; path = "Target Support Files/Pods-Flux-SwiftUI/Pods-Flux-SwiftUI.debug.xcconfig"; sourceTree = "<group>"; };
		73245DC8C2DD2DBA014970F0 /* Pods_Flux_SwiftUIUITests.framework */ = {isa = PBXFileReference; explicitFileType = wrapper.framework; includeInIndex = 0; path = Pods_Flux_SwiftUIUITests.framework; sourceTree = BUILT_PRODUCTS_DIR; };
		9A90E52623A2A42E00FE3523 /* Flux-SwiftUI.app */ = {isa = PBXFileReference; explicitFileType = wrapper.application; includeInIndex = 0; path = "Flux-SwiftUI.app"; sourceTree = BUILT_PRODUCTS_DIR; };
		9A90E52923A2A42E00FE3523 /* AppDelegate.swift */ = {isa = PBXFileReference; lastKnownFileType = sourcecode.swift; path = AppDelegate.swift; sourceTree = "<group>"; };
		9A90E52B23A2A42E00FE3523 /* SceneDelegate.swift */ = {isa = PBXFileReference; lastKnownFileType = sourcecode.swift; path = SceneDelegate.swift; sourceTree = "<group>"; };
		9A90E52F23A2A43200FE3523 /* Assets.xcassets */ = {isa = PBXFileReference; lastKnownFileType = folder.assetcatalog; path = Assets.xcassets; sourceTree = "<group>"; };
		9A90E53223A2A43200FE3523 /* Preview Assets.xcassets */ = {isa = PBXFileReference; lastKnownFileType = folder.assetcatalog; path = "Preview Assets.xcassets"; sourceTree = "<group>"; };
		9A90E53523A2A43200FE3523 /* Base */ = {isa = PBXFileReference; lastKnownFileType = file.storyboard; name = Base; path = Base.lproj/LaunchScreen.storyboard; sourceTree = "<group>"; };
		9A90E53723A2A43200FE3523 /* Info.plist */ = {isa = PBXFileReference; lastKnownFileType = text.plist.xml; path = Info.plist; sourceTree = "<group>"; };
		9A90E53C23A2A43200FE3523 /* Flux-SwiftUIUITests.xctest */ = {isa = PBXFileReference; explicitFileType = wrapper.cfbundle; includeInIndex = 0; path = "Flux-SwiftUIUITests.xctest"; sourceTree = BUILT_PRODUCTS_DIR; };
		9A90E54023A2A43200FE3523 /* Flux_SwiftUIUITests.swift */ = {isa = PBXFileReference; lastKnownFileType = sourcecode.swift; path = Flux_SwiftUIUITests.swift; sourceTree = "<group>"; };
		9A90E54223A2A43200FE3523 /* Info.plist */ = {isa = PBXFileReference; lastKnownFileType = text.plist.xml; path = Info.plist; sourceTree = "<group>"; };
		9A90E54C23A2A81800FE3523 /* AppTabView.swift */ = {isa = PBXFileReference; lastKnownFileType = sourcecode.swift; path = AppTabView.swift; sourceTree = "<group>"; };
		9A90E54F23A2A88A00FE3523 /* MenusView.swift */ = {isa = PBXFileReference; lastKnownFileType = sourcecode.swift; path = MenusView.swift; sourceTree = "<group>"; };
		9A90E55323A2A8A300FE3523 /* InfoView.swift */ = {isa = PBXFileReference; lastKnownFileType = sourcecode.swift; path = InfoView.swift; sourceTree = "<group>"; };
		9AF3B43623A2B00F00D5562C /* URLSession+Wrap.swift */ = {isa = PBXFileReference; fileEncoding = 4; lastKnownFileType = sourcecode.swift; path = "URLSession+Wrap.swift"; sourceTree = "<group>"; };
		9AF3B43723A2B00F00D5562C /* CustomColor.swift */ = {isa = PBXFileReference; fileEncoding = 4; lastKnownFileType = sourcecode.swift; path = CustomColor.swift; sourceTree = "<group>"; };
		9AF3B43923A2B00F00D5562C /* Info.swift */ = {isa = PBXFileReference; fileEncoding = 4; lastKnownFileType = sourcecode.swift; path = Info.swift; sourceTree = "<group>"; };
		9AF3B43A23A2B00F00D5562C /* Pizzeria.swift */ = {isa = PBXFileReference; fileEncoding = 4; lastKnownFileType = sourcecode.swift; path = Pizzeria.swift; sourceTree = "<group>"; };
		9AF3B43C23A2B00F00D5562C /* light_menu.json */ = {isa = PBXFileReference; fileEncoding = 4; lastKnownFileType = text.json; path = light_menu.json; sourceTree = "<group>"; };
		9AF3B43D23A2B00F00D5562C /* pizzeria_menus.json */ = {isa = PBXFileReference; fileEncoding = 4; lastKnownFileType = text.json; path = pizzeria_menus.json; sourceTree = "<group>"; };
		9AF3B43E23A2B00F00D5562C /* white_menu.json */ = {isa = PBXFileReference; fileEncoding = 4; lastKnownFileType = text.json; path = white_menu.json; sourceTree = "<group>"; };
		9AF3B43F23A2B00F00D5562C /* classic_menu.json */ = {isa = PBXFileReference; fileEncoding = 4; lastKnownFileType = text.json; path = classic_menu.json; sourceTree = "<group>"; };
		9AF3B44023A2B00F00D5562C /* info.json */ = {isa = PBXFileReference; fileEncoding = 4; lastKnownFileType = text.json; path = info.json; sourceTree = "<group>"; };
		9AF3B44123A2B00F00D5562C /* special_menu.json */ = {isa = PBXFileReference; fileEncoding = 4; lastKnownFileType = text.json; path = special_menu.json; sourceTree = "<group>"; };
		9AF3B44D23A2B04600D5562C /* PizzeriaService.swift */ = {isa = PBXFileReference; fileEncoding = 4; lastKnownFileType = sourcecode.swift; path = PizzeriaService.swift; sourceTree = "<group>"; };
		9AF3B44E23A2B04600D5562C /* Parser.swift */ = {isa = PBXFileReference; fileEncoding = 4; lastKnownFileType = sourcecode.swift; path = Parser.swift; sourceTree = "<group>"; };
		9AF3B45123A2B11900D5562C /* Constants.swift */ = {isa = PBXFileReference; lastKnownFileType = sourcecode.swift; path = Constants.swift; sourceTree = "<group>"; };
		9AF3B45923A2B1CF00D5562C /* PizzeriaStore.swift */ = {isa = PBXFileReference; fileEncoding = 4; lastKnownFileType = sourcecode.swift; path = PizzeriaStore.swift; sourceTree = "<group>"; };
		9AF3B45A23A2B1CF00D5562C /* InfoStore.swift */ = {isa = PBXFileReference; fileEncoding = 4; lastKnownFileType = sourcecode.swift; path = InfoStore.swift; sourceTree = "<group>"; };
		9AF3B45B23A2B1CF00D5562C /* FetchingStatus.swift */ = {isa = PBXFileReference; fileEncoding = 4; lastKnownFileType = sourcecode.swift; path = FetchingStatus.swift; sourceTree = "<group>"; };
		9AF3B45F23A2B24700D5562C /* InfoViewModel.swift */ = {isa = PBXFileReference; lastKnownFileType = sourcecode.swift; path = InfoViewModel.swift; sourceTree = "<group>"; };
		9AF3B46323A2C10700D5562C /* NavigationConfigurator.swift */ = {isa = PBXFileReference; lastKnownFileType = sourcecode.swift; path = NavigationConfigurator.swift; sourceTree = "<group>"; };
		9AF3B46523A2C3FA00D5562C /* ActivityIndicator.swift */ = {isa = PBXFileReference; lastKnownFileType = sourcecode.swift; path = ActivityIndicator.swift; sourceTree = "<group>"; };
		9AF3B46823A2C44900D5562C /* LoadingView.swift */ = {isa = PBXFileReference; lastKnownFileType = sourcecode.swift; path = LoadingView.swift; sourceTree = "<group>"; };
		9AF3B46A23A3BCE800D5562C /* InfoListView.swift */ = {isa = PBXFileReference; lastKnownFileType = sourcecode.swift; path = InfoListView.swift; sourceTree = "<group>"; };
		9AF3B46C23A3C78300D5562C /* Image+Tintable.swift */ = {isa = PBXFileReference; lastKnownFileType = sourcecode.swift; path = "Image+Tintable.swift"; sourceTree = "<group>"; };
		9AF3B46E23A3C90300D5562C /* SafariView.swift */ = {isa = PBXFileReference; lastKnownFileType = sourcecode.swift; path = SafariView.swift; sourceTree = "<group>"; };
		9AF3B47123A3DD5A00D5562C /* InfoRow.swift */ = {isa = PBXFileReference; lastKnownFileType = sourcecode.swift; path = InfoRow.swift; sourceTree = "<group>"; };
		9AF3B47423A3DDE300D5562C /* MenusListView.swift */ = {isa = PBXFileReference; lastKnownFileType = sourcecode.swift; path = MenusListView.swift; sourceTree = "<group>"; };
		9AF3B47623A3E33600D5562C /* MenusViewModel.swift */ = {isa = PBXFileReference; lastKnownFileType = sourcecode.swift; path = MenusViewModel.swift; sourceTree = "<group>"; };
		D8CF8B9EC46FDF22E591BD1D /* Pods_Flux_SwiftUI.framework */ = {isa = PBXFileReference; explicitFileType = wrapper.framework; includeInIndex = 0; path = Pods_Flux_SwiftUI.framework; sourceTree = BUILT_PRODUCTS_DIR; };
		EC78947667FE0022E406602E /* Pods-Flux-SwiftUIUITests.debug.xcconfig */ = {isa = PBXFileReference; includeInIndex = 1; lastKnownFileType = text.xcconfig; name = "Pods-Flux-SwiftUIUITests.debug.xcconfig"; path = "Target Support Files/Pods-Flux-SwiftUIUITests/Pods-Flux-SwiftUIUITests.debug.xcconfig"; sourceTree = "<group>"; };
/* End PBXFileReference section */

/* Begin PBXFrameworksBuildPhase section */
		9A90E52323A2A42E00FE3523 /* Frameworks */ = {
			isa = PBXFrameworksBuildPhase;
			buildActionMask = 2147483647;
			files = (
				970122A894CCD357FFA39C76 /* Pods_Flux_SwiftUI.framework in Frameworks */,
			);
			runOnlyForDeploymentPostprocessing = 0;
		};
		9A90E53923A2A43200FE3523 /* Frameworks */ = {
			isa = PBXFrameworksBuildPhase;
			buildActionMask = 2147483647;
			files = (
				E63B6F442EAC49353537D7E5 /* Pods_Flux_SwiftUIUITests.framework in Frameworks */,
			);
			runOnlyForDeploymentPostprocessing = 0;
		};
/* End PBXFrameworksBuildPhase section */

/* Begin PBXGroup section */
		19043E918FDB4F83FCF84E84 /* Frameworks */ = {
			isa = PBXGroup;
			children = (
				D8CF8B9EC46FDF22E591BD1D /* Pods_Flux_SwiftUI.framework */,
				73245DC8C2DD2DBA014970F0 /* Pods_Flux_SwiftUIUITests.framework */,
			);
			name = Frameworks;
			sourceTree = "<group>";
		};
		9A90E51D23A2A42E00FE3523 = {
			isa = PBXGroup;
			children = (
				9A90E52823A2A42E00FE3523 /* Flux-SwiftUI */,
				9A90E53F23A2A43200FE3523 /* Flux-SwiftUIUITests */,
				9A90E52723A2A42E00FE3523 /* Products */,
				D79373E2AF89DA06F8FB6F10 /* Pods */,
				19043E918FDB4F83FCF84E84 /* Frameworks */,
			);
			sourceTree = "<group>";
		};
		9A90E52723A2A42E00FE3523 /* Products */ = {
			isa = PBXGroup;
			children = (
				9A90E52623A2A42E00FE3523 /* Flux-SwiftUI.app */,
				9A90E53C23A2A43200FE3523 /* Flux-SwiftUIUITests.xctest */,
			);
			name = Products;
			sourceTree = "<group>";
		};
		9A90E52823A2A42E00FE3523 /* Flux-SwiftUI */ = {
			isa = PBXGroup;
			children = (
				9A90E52923A2A42E00FE3523 /* AppDelegate.swift */,
				9A90E52B23A2A42E00FE3523 /* SceneDelegate.swift */,
				9AF3B45123A2B11900D5562C /* Constants.swift */,
				9AF3B46123A2C0D400D5562C /* Helpers */,
				9A90E55523A2A8AD00FE3523 /* Tabs */,
				9AF3B45823A2B1CF00D5562C /* Stores */,
				9AF3B44C23A2B04600D5562C /* Service */,
				9A90E54B23A2A7FB00FE3523 /* Assets */,
				9A90E53123A2A43200FE3523 /* Preview Content */,
			);
			path = "Flux-SwiftUI";
			sourceTree = "<group>";
		};
		9A90E53123A2A43200FE3523 /* Preview Content */ = {
			isa = PBXGroup;
			children = (
				9A90E53223A2A43200FE3523 /* Preview Assets.xcassets */,
			);
			path = "Preview Content";
			sourceTree = "<group>";
		};
		9A90E53F23A2A43200FE3523 /* Flux-SwiftUIUITests */ = {
			isa = PBXGroup;
			children = (
				9A90E54023A2A43200FE3523 /* Flux_SwiftUIUITests.swift */,
				9A90E54223A2A43200FE3523 /* Info.plist */,
			);
			path = "Flux-SwiftUIUITests";
			sourceTree = "<group>";
		};
		9A90E54B23A2A7FB00FE3523 /* Assets */ = {
			isa = PBXGroup;
			children = (
				9A90E52F23A2A43200FE3523 /* Assets.xcassets */,
				9A90E53423A2A43200FE3523 /* LaunchScreen.storyboard */,
				9A90E53723A2A43200FE3523 /* Info.plist */,
			);
			name = Assets;
			sourceTree = "<group>";
		};
		9A90E54E23A2A87100FE3523 /* Menus */ = {
			isa = PBXGroup;
			children = (
				9A90E54F23A2A88A00FE3523 /* MenusView.swift */,
				9AF3B47623A3E33600D5562C /* MenusViewModel.swift */,
				9AF3B47323A3DDD100D5562C /* List */,
			);
			path = Menus;
			sourceTree = "<group>";
		};
		9A90E55123A2A89100FE3523 /* Info */ = {
			isa = PBXGroup;
			children = (
				9A90E55323A2A8A300FE3523 /* InfoView.swift */,
				9AF3B45F23A2B24700D5562C /* InfoViewModel.swift */,
				9AF3B47023A3DD4700D5562C /* List */,
			);
			path = Info;
			sourceTree = "<group>";
		};
		9A90E55523A2A8AD00FE3523 /* Tabs */ = {
			isa = PBXGroup;
			children = (
				9A90E54C23A2A81800FE3523 /* AppTabView.swift */,
				9AF3B46723A2C43300D5562C /* Commons */,
				9A90E54E23A2A87100FE3523 /* Menus */,
				9A90E55123A2A89100FE3523 /* Info */,
			);
			path = Tabs;
			sourceTree = "<group>";
		};
		9AF3B43523A2B00F00D5562C /* Extensions */ = {
			isa = PBXGroup;
			children = (
				9AF3B43623A2B00F00D5562C /* URLSession+Wrap.swift */,
				9AF3B43723A2B00F00D5562C /* CustomColor.swift */,
				9AF3B46C23A3C78300D5562C /* Image+Tintable.swift */,
			);
			path = Extensions;
			sourceTree = "<group>";
		};
		9AF3B43823A2B00F00D5562C /* Models */ = {
			isa = PBXGroup;
			children = (
				9AF3B43923A2B00F00D5562C /* Info.swift */,
				9AF3B43A23A2B00F00D5562C /* Pizzeria.swift */,
			);
			path = Models;
			sourceTree = "<group>";
		};
		9AF3B43B23A2B00F00D5562C /* JSON */ = {
			isa = PBXGroup;
			children = (
				9AF3B43C23A2B00F00D5562C /* light_menu.json */,
				9AF3B43D23A2B00F00D5562C /* pizzeria_menus.json */,
				9AF3B43E23A2B00F00D5562C /* white_menu.json */,
				9AF3B43F23A2B00F00D5562C /* classic_menu.json */,
				9AF3B44023A2B00F00D5562C /* info.json */,
				9AF3B44123A2B00F00D5562C /* special_menu.json */,
			);
			path = JSON;
			sourceTree = "<group>";
		};
		9AF3B44C23A2B04600D5562C /* Service */ = {
			isa = PBXGroup;
			children = (
				9AF3B43B23A2B00F00D5562C /* JSON */,
				9AF3B43823A2B00F00D5562C /* Models */,
				9AF3B44D23A2B04600D5562C /* PizzeriaService.swift */,
				9AF3B44E23A2B04600D5562C /* Parser.swift */,
			);
			path = Service;
			sourceTree = "<group>";
		};
		9AF3B45823A2B1CF00D5562C /* Stores */ = {
			isa = PBXGroup;
			children = (
				9AF3B45923A2B1CF00D5562C /* PizzeriaStore.swift */,
				9AF3B45A23A2B1CF00D5562C /* InfoStore.swift */,
				9AF3B45B23A2B1CF00D5562C /* FetchingStatus.swift */,
			);
			path = Stores;
			sourceTree = "<group>";
		};
		9AF3B46123A2C0D400D5562C /* Helpers */ = {
			isa = PBXGroup;
			children = (
				9AF3B46223A2C0DF00D5562C /* Representable */,
				9AF3B43523A2B00F00D5562C /* Extensions */,
			);
			path = Helpers;
			sourceTree = "<group>";
		};
		9AF3B46223A2C0DF00D5562C /* Representable */ = {
			isa = PBXGroup;
			children = (
				9AF3B46323A2C10700D5562C /* NavigationConfigurator.swift */,
				9AF3B46523A2C3FA00D5562C /* ActivityIndicator.swift */,
				9AF3B46E23A3C90300D5562C /* SafariView.swift */,
			);
			path = Representable;
			sourceTree = "<group>";
		};
		9AF3B46723A2C43300D5562C /* Commons */ = {
			isa = PBXGroup;
			children = (
				9AF3B46823A2C44900D5562C /* LoadingView.swift */,
			);
			path = Commons;
			sourceTree = "<group>";
		};
		9AF3B47023A3DD4700D5562C /* List */ = {
			isa = PBXGroup;
			children = (
				9AF3B46A23A3BCE800D5562C /* InfoListView.swift */,
				9AF3B47123A3DD5A00D5562C /* InfoRow.swift */,
			);
			path = List;
			sourceTree = "<group>";
		};
		9AF3B47323A3DDD100D5562C /* List */ = {
			isa = PBXGroup;
			children = (
				9AF3B47423A3DDE300D5562C /* MenusListView.swift */,
			);
			path = List;
			sourceTree = "<group>";
		};
		D79373E2AF89DA06F8FB6F10 /* Pods */ = {
			isa = PBXGroup;
			children = (
				6A95299B2A56D35E78B7489A /* Pods-Flux-SwiftUI.debug.xcconfig */,
				01ABD4B232B2B21BA4E7ECA4 /* Pods-Flux-SwiftUI.release.xcconfig */,
				EC78947667FE0022E406602E /* Pods-Flux-SwiftUIUITests.debug.xcconfig */,
				2956FBDBAA841ECDBDFB87C8 /* Pods-Flux-SwiftUIUITests.release.xcconfig */,
			);
			path = Pods;
			sourceTree = "<group>";
		};
/* End PBXGroup section */

/* Begin PBXNativeTarget section */
		9A90E52523A2A42E00FE3523 /* Flux-SwiftUI */ = {
			isa = PBXNativeTarget;
			buildConfigurationList = 9A90E54523A2A43200FE3523 /* Build configuration list for PBXNativeTarget "Flux-SwiftUI" */;
			buildPhases = (
				D1FD0FD444582379C44F20BF /* [CP] Check Pods Manifest.lock */,
				9A90E52223A2A42E00FE3523 /* Sources */,
				9A90E52323A2A42E00FE3523 /* Frameworks */,
				9A90E52423A2A42E00FE3523 /* Resources */,
				975A707B0AAB99476E2ACBCC /* [CP] Embed Pods Frameworks */,
			);
			buildRules = (
			);
			dependencies = (
			);
			name = "Flux-SwiftUI";
			productName = "Flux-SwiftUI";
			productReference = 9A90E52623A2A42E00FE3523 /* Flux-SwiftUI.app */;
			productType = "com.apple.product-type.application";
		};
		9A90E53B23A2A43200FE3523 /* Flux-SwiftUIUITests */ = {
			isa = PBXNativeTarget;
			buildConfigurationList = 9A90E54823A2A43200FE3523 /* Build configuration list for PBXNativeTarget "Flux-SwiftUIUITests" */;
			buildPhases = (
				3AFF4516C7968B8CECAB2C42 /* [CP] Check Pods Manifest.lock */,
				9A90E53823A2A43200FE3523 /* Sources */,
				9A90E53923A2A43200FE3523 /* Frameworks */,
				9A90E53A23A2A43200FE3523 /* Resources */,
			);
			buildRules = (
			);
			dependencies = (
				9A90E53E23A2A43200FE3523 /* PBXTargetDependency */,
			);
			name = "Flux-SwiftUIUITests";
			productName = "Flux-SwiftUIUITests";
			productReference = 9A90E53C23A2A43200FE3523 /* Flux-SwiftUIUITests.xctest */;
			productType = "com.apple.product-type.bundle.ui-testing";
		};
/* End PBXNativeTarget section */

/* Begin PBXProject section */
		9A90E51E23A2A42E00FE3523 /* Project object */ = {
			isa = PBXProject;
			attributes = {
				LastSwiftUpdateCheck = 1120;
				LastUpgradeCheck = 1120;
				ORGANIZATIONNAME = "Daniele Bogo";
				TargetAttributes = {
					9A90E52523A2A42E00FE3523 = {
						CreatedOnToolsVersion = 11.2.1;
					};
					9A90E53B23A2A43200FE3523 = {
						CreatedOnToolsVersion = 11.2.1;
						TestTargetID = 9A90E52523A2A42E00FE3523;
					};
				};
			};
			buildConfigurationList = 9A90E52123A2A42E00FE3523 /* Build configuration list for PBXProject "Flux-SwiftUI" */;
			compatibilityVersion = "Xcode 9.3";
			developmentRegion = en;
			hasScannedForEncodings = 0;
			knownRegions = (
				en,
				Base,
			);
			mainGroup = 9A90E51D23A2A42E00FE3523;
			productRefGroup = 9A90E52723A2A42E00FE3523 /* Products */;
			projectDirPath = "";
			projectRoot = "";
			targets = (
				9A90E52523A2A42E00FE3523 /* Flux-SwiftUI */,
				9A90E53B23A2A43200FE3523 /* Flux-SwiftUIUITests */,
			);
		};
/* End PBXProject section */

/* Begin PBXResourcesBuildPhase section */
		9A90E52423A2A42E00FE3523 /* Resources */ = {
			isa = PBXResourcesBuildPhase;
			buildActionMask = 2147483647;
			files = (
				9AF3B44923A2B00F00D5562C /* classic_menu.json in Resources */,
				9AF3B44B23A2B00F00D5562C /* special_menu.json in Resources */,
				9A90E53623A2A43200FE3523 /* LaunchScreen.storyboard in Resources */,
				9A90E53323A2A43200FE3523 /* Preview Assets.xcassets in Resources */,
				9A90E53023A2A43200FE3523 /* Assets.xcassets in Resources */,
				9AF3B44723A2B00F00D5562C /* pizzeria_menus.json in Resources */,
				9AF3B44A23A2B00F00D5562C /* info.json in Resources */,
				9AF3B44823A2B00F00D5562C /* white_menu.json in Resources */,
				9AF3B44623A2B00F00D5562C /* light_menu.json in Resources */,
			);
			runOnlyForDeploymentPostprocessing = 0;
		};
		9A90E53A23A2A43200FE3523 /* Resources */ = {
			isa = PBXResourcesBuildPhase;
			buildActionMask = 2147483647;
			files = (
			);
			runOnlyForDeploymentPostprocessing = 0;
		};
/* End PBXResourcesBuildPhase section */

/* Begin PBXShellScriptBuildPhase section */
		3AFF4516C7968B8CECAB2C42 /* [CP] Check Pods Manifest.lock */ = {
			isa = PBXShellScriptBuildPhase;
			buildActionMask = 2147483647;
			files = (
			);
			inputFileListPaths = (
			);
			inputPaths = (
				"${PODS_PODFILE_DIR_PATH}/Podfile.lock",
				"${PODS_ROOT}/Manifest.lock",
			);
			name = "[CP] Check Pods Manifest.lock";
			outputFileListPaths = (
			);
			outputPaths = (
				"$(DERIVED_FILE_DIR)/Pods-Flux-SwiftUIUITests-checkManifestLockResult.txt",
			);
			runOnlyForDeploymentPostprocessing = 0;
			shellPath = /bin/sh;
			shellScript = "diff \"${PODS_PODFILE_DIR_PATH}/Podfile.lock\" \"${PODS_ROOT}/Manifest.lock\" > /dev/null\nif [ $? != 0 ] ; then\n    # print error to STDERR\n    echo \"error: The sandbox is not in sync with the Podfile.lock. Run 'pod install' or update your CocoaPods installation.\" >&2\n    exit 1\nfi\n# This output is used by Xcode 'outputs' to avoid re-running this script phase.\necho \"SUCCESS\" > \"${SCRIPT_OUTPUT_FILE_0}\"\n";
			showEnvVarsInLog = 0;
		};
		975A707B0AAB99476E2ACBCC /* [CP] Embed Pods Frameworks */ = {
			isa = PBXShellScriptBuildPhase;
			buildActionMask = 2147483647;
			files = (
			);
			inputFileListPaths = (
				"${PODS_ROOT}/Target Support Files/Pods-Flux-SwiftUI/Pods-Flux-SwiftUI-frameworks-${CONFIGURATION}-input-files.xcfilelist",
			);
			name = "[CP] Embed Pods Frameworks";
			outputFileListPaths = (
				"${PODS_ROOT}/Target Support Files/Pods-Flux-SwiftUI/Pods-Flux-SwiftUI-frameworks-${CONFIGURATION}-output-files.xcfilelist",
			);
			runOnlyForDeploymentPostprocessing = 0;
			shellPath = /bin/sh;
			shellScript = "\"${PODS_ROOT}/Target Support Files/Pods-Flux-SwiftUI/Pods-Flux-SwiftUI-frameworks.sh\"\n";
			showEnvVarsInLog = 0;
		};
		D1FD0FD444582379C44F20BF /* [CP] Check Pods Manifest.lock */ = {
			isa = PBXShellScriptBuildPhase;
			buildActionMask = 2147483647;
			files = (
			);
			inputFileListPaths = (
			);
			inputPaths = (
				"${PODS_PODFILE_DIR_PATH}/Podfile.lock",
				"${PODS_ROOT}/Manifest.lock",
			);
			name = "[CP] Check Pods Manifest.lock";
			outputFileListPaths = (
			);
			outputPaths = (
				"$(DERIVED_FILE_DIR)/Pods-Flux-SwiftUI-checkManifestLockResult.txt",
			);
			runOnlyForDeploymentPostprocessing = 0;
			shellPath = /bin/sh;
			shellScript = "diff \"${PODS_PODFILE_DIR_PATH}/Podfile.lock\" \"${PODS_ROOT}/Manifest.lock\" > /dev/null\nif [ $? != 0 ] ; then\n    # print error to STDERR\n    echo \"error: The sandbox is not in sync with the Podfile.lock. Run 'pod install' or update your CocoaPods installation.\" >&2\n    exit 1\nfi\n# This output is used by Xcode 'outputs' to avoid re-running this script phase.\necho \"SUCCESS\" > \"${SCRIPT_OUTPUT_FILE_0}\"\n";
			showEnvVarsInLog = 0;
		};
/* End PBXShellScriptBuildPhase section */

/* Begin PBXSourcesBuildPhase section */
		9A90E52223A2A42E00FE3523 /* Sources */ = {
			isa = PBXSourcesBuildPhase;
			buildActionMask = 2147483647;
			files = (
				9AF3B44323A2B00F00D5562C /* CustomColor.swift in Sources */,
				9AF3B45023A2B04600D5562C /* Parser.swift in Sources */,
				9AF3B44423A2B00F00D5562C /* Info.swift in Sources */,
				9AF3B44223A2B00F00D5562C /* URLSession+Wrap.swift in Sources */,
				9AF3B46B23A3BCE800D5562C /* InfoListView.swift in Sources */,
				9AF3B47523A3DDE300D5562C /* MenusListView.swift in Sources */,
				9A90E52A23A2A42E00FE3523 /* AppDelegate.swift in Sources */,
				9A90E55023A2A88A00FE3523 /* MenusView.swift in Sources */,
				9AF3B46023A2B24700D5562C /* InfoViewModel.swift in Sources */,
				9AF3B44F23A2B04600D5562C /* PizzeriaService.swift in Sources */,
				9AF3B46423A2C10700D5562C /* NavigationConfigurator.swift in Sources */,
				9A90E52C23A2A42E00FE3523 /* SceneDelegate.swift in Sources */,
				9AF3B47723A3E33600D5562C /* MenusViewModel.swift in Sources */,
				9AF3B45C23A2B1CF00D5562C /* PizzeriaStore.swift in Sources */,
				9AF3B47223A3DD5A00D5562C /* InfoRow.swift in Sources */,
				9AF3B46F23A3C90300D5562C /* SafariView.swift in Sources */,
				9AF3B44523A2B00F00D5562C /* Pizzeria.swift in Sources */,
				9A90E55423A2A8A300FE3523 /* InfoView.swift in Sources */,
				9AF3B45D23A2B1CF00D5562C /* InfoStore.swift in Sources */,
				9A90E54D23A2A81800FE3523 /* AppTabView.swift in Sources */,
				9AF3B45E23A2B1CF00D5562C /* FetchingStatus.swift in Sources */,
				9AF3B46623A2C3FA00D5562C /* ActivityIndicator.swift in Sources */,
				9AF3B46923A2C44900D5562C /* LoadingView.swift in Sources */,
				9AF3B46D23A3C78300D5562C /* Image+Tintable.swift in Sources */,
				9AF3B45223A2B11900D5562C /* Constants.swift in Sources */,
			);
			runOnlyForDeploymentPostprocessing = 0;
		};
		9A90E53823A2A43200FE3523 /* Sources */ = {
			isa = PBXSourcesBuildPhase;
			buildActionMask = 2147483647;
			files = (
				9A90E54123A2A43200FE3523 /* Flux_SwiftUIUITests.swift in Sources */,
			);
			runOnlyForDeploymentPostprocessing = 0;
		};
/* End PBXSourcesBuildPhase section */

/* Begin PBXTargetDependency section */
		9A90E53E23A2A43200FE3523 /* PBXTargetDependency */ = {
			isa = PBXTargetDependency;
			target = 9A90E52523A2A42E00FE3523 /* Flux-SwiftUI */;
			targetProxy = 9A90E53D23A2A43200FE3523 /* PBXContainerItemProxy */;
		};
/* End PBXTargetDependency section */

/* Begin PBXVariantGroup section */
		9A90E53423A2A43200FE3523 /* LaunchScreen.storyboard */ = {
			isa = PBXVariantGroup;
			children = (
				9A90E53523A2A43200FE3523 /* Base */,
			);
			name = LaunchScreen.storyboard;
			sourceTree = "<group>";
		};
/* End PBXVariantGroup section */

/* Begin XCBuildConfiguration section */
		9A90E54323A2A43200FE3523 /* Debug */ = {
			isa = XCBuildConfiguration;
			buildSettings = {
				ALWAYS_SEARCH_USER_PATHS = NO;
				CLANG_ANALYZER_NONNULL = YES;
				CLANG_ANALYZER_NUMBER_OBJECT_CONVERSION = YES_AGGRESSIVE;
				CLANG_CXX_LANGUAGE_STANDARD = "gnu++14";
				CLANG_CXX_LIBRARY = "libc++";
				CLANG_ENABLE_MODULES = YES;
				CLANG_ENABLE_OBJC_ARC = YES;
				CLANG_ENABLE_OBJC_WEAK = YES;
				CLANG_WARN_BLOCK_CAPTURE_AUTORELEASING = YES;
				CLANG_WARN_BOOL_CONVERSION = YES;
				CLANG_WARN_COMMA = YES;
				CLANG_WARN_CONSTANT_CONVERSION = YES;
				CLANG_WARN_DEPRECATED_OBJC_IMPLEMENTATIONS = YES;
				CLANG_WARN_DIRECT_OBJC_ISA_USAGE = YES_ERROR;
				CLANG_WARN_DOCUMENTATION_COMMENTS = YES;
				CLANG_WARN_EMPTY_BODY = YES;
				CLANG_WARN_ENUM_CONVERSION = YES;
				CLANG_WARN_INFINITE_RECURSION = YES;
				CLANG_WARN_INT_CONVERSION = YES;
				CLANG_WARN_NON_LITERAL_NULL_CONVERSION = YES;
				CLANG_WARN_OBJC_IMPLICIT_RETAIN_SELF = YES;
				CLANG_WARN_OBJC_LITERAL_CONVERSION = YES;
				CLANG_WARN_OBJC_ROOT_CLASS = YES_ERROR;
				CLANG_WARN_RANGE_LOOP_ANALYSIS = YES;
				CLANG_WARN_STRICT_PROTOTYPES = YES;
				CLANG_WARN_SUSPICIOUS_MOVE = YES;
				CLANG_WARN_UNGUARDED_AVAILABILITY = YES_AGGRESSIVE;
				CLANG_WARN_UNREACHABLE_CODE = YES;
				CLANG_WARN__DUPLICATE_METHOD_MATCH = YES;
				COPY_PHASE_STRIP = NO;
				DEBUG_INFORMATION_FORMAT = dwarf;
				ENABLE_STRICT_OBJC_MSGSEND = YES;
				ENABLE_TESTABILITY = YES;
				GCC_C_LANGUAGE_STANDARD = gnu11;
				GCC_DYNAMIC_NO_PIC = NO;
				GCC_NO_COMMON_BLOCKS = YES;
				GCC_OPTIMIZATION_LEVEL = 0;
				GCC_PREPROCESSOR_DEFINITIONS = (
					"DEBUG=1",
					"$(inherited)",
				);
				GCC_WARN_64_TO_32_BIT_CONVERSION = YES;
				GCC_WARN_ABOUT_RETURN_TYPE = YES_ERROR;
				GCC_WARN_UNDECLARED_SELECTOR = YES;
				GCC_WARN_UNINITIALIZED_AUTOS = YES_AGGRESSIVE;
				GCC_WARN_UNUSED_FUNCTION = YES;
				GCC_WARN_UNUSED_VARIABLE = YES;
				IPHONEOS_DEPLOYMENT_TARGET = 13.2;
				MTL_ENABLE_DEBUG_INFO = INCLUDE_SOURCE;
				MTL_FAST_MATH = YES;
				ONLY_ACTIVE_ARCH = YES;
				SDKROOT = iphoneos;
				SWIFT_ACTIVE_COMPILATION_CONDITIONS = DEBUG;
				SWIFT_OPTIMIZATION_LEVEL = "-Onone";
			};
			name = Debug;
		};
		9A90E54423A2A43200FE3523 /* Release */ = {
			isa = XCBuildConfiguration;
			buildSettings = {
				ALWAYS_SEARCH_USER_PATHS = NO;
				CLANG_ANALYZER_NONNULL = YES;
				CLANG_ANALYZER_NUMBER_OBJECT_CONVERSION = YES_AGGRESSIVE;
				CLANG_CXX_LANGUAGE_STANDARD = "gnu++14";
				CLANG_CXX_LIBRARY = "libc++";
				CLANG_ENABLE_MODULES = YES;
				CLANG_ENABLE_OBJC_ARC = YES;
				CLANG_ENABLE_OBJC_WEAK = YES;
				CLANG_WARN_BLOCK_CAPTURE_AUTORELEASING = YES;
				CLANG_WARN_BOOL_CONVERSION = YES;
				CLANG_WARN_COMMA = YES;
				CLANG_WARN_CONSTANT_CONVERSION = YES;
				CLANG_WARN_DEPRECATED_OBJC_IMPLEMENTATIONS = YES;
				CLANG_WARN_DIRECT_OBJC_ISA_USAGE = YES_ERROR;
				CLANG_WARN_DOCUMENTATION_COMMENTS = YES;
				CLANG_WARN_EMPTY_BODY = YES;
				CLANG_WARN_ENUM_CONVERSION = YES;
				CLANG_WARN_INFINITE_RECURSION = YES;
				CLANG_WARN_INT_CONVERSION = YES;
				CLANG_WARN_NON_LITERAL_NULL_CONVERSION = YES;
				CLANG_WARN_OBJC_IMPLICIT_RETAIN_SELF = YES;
				CLANG_WARN_OBJC_LITERAL_CONVERSION = YES;
				CLANG_WARN_OBJC_ROOT_CLASS = YES_ERROR;
				CLANG_WARN_RANGE_LOOP_ANALYSIS = YES;
				CLANG_WARN_STRICT_PROTOTYPES = YES;
				CLANG_WARN_SUSPICIOUS_MOVE = YES;
				CLANG_WARN_UNGUARDED_AVAILABILITY = YES_AGGRESSIVE;
				CLANG_WARN_UNREACHABLE_CODE = YES;
				CLANG_WARN__DUPLICATE_METHOD_MATCH = YES;
				COPY_PHASE_STRIP = NO;
				DEBUG_INFORMATION_FORMAT = "dwarf-with-dsym";
				ENABLE_NS_ASSERTIONS = NO;
				ENABLE_STRICT_OBJC_MSGSEND = YES;
				GCC_C_LANGUAGE_STANDARD = gnu11;
				GCC_NO_COMMON_BLOCKS = YES;
				GCC_WARN_64_TO_32_BIT_CONVERSION = YES;
				GCC_WARN_ABOUT_RETURN_TYPE = YES_ERROR;
				GCC_WARN_UNDECLARED_SELECTOR = YES;
				GCC_WARN_UNINITIALIZED_AUTOS = YES_AGGRESSIVE;
				GCC_WARN_UNUSED_FUNCTION = YES;
				GCC_WARN_UNUSED_VARIABLE = YES;
				IPHONEOS_DEPLOYMENT_TARGET = 13.2;
				MTL_ENABLE_DEBUG_INFO = NO;
				MTL_FAST_MATH = YES;
				SDKROOT = iphoneos;
				SWIFT_COMPILATION_MODE = wholemodule;
				SWIFT_OPTIMIZATION_LEVEL = "-O";
				VALIDATE_PRODUCT = YES;
			};
			name = Release;
		};
		9A90E54623A2A43200FE3523 /* Debug */ = {
			isa = XCBuildConfiguration;
			baseConfigurationReference = 6A95299B2A56D35E78B7489A /* Pods-Flux-SwiftUI.debug.xcconfig */;
			buildSettings = {
				ASSETCATALOG_COMPILER_APPICON_NAME = AppIcon;
				CODE_SIGN_STYLE = Automatic;
				DEVELOPMENT_ASSET_PATHS = "\"Flux-SwiftUI/Preview Content\"";
				DEVELOPMENT_TEAM = Q3SKDBM9PM;
				ENABLE_PREVIEWS = YES;
				INFOPLIST_FILE = "Flux-SwiftUI/Info.plist";
				LD_RUNPATH_SEARCH_PATHS = (
					"$(inherited)",
					"@executable_path/Frameworks",
				);
				PRODUCT_BUNDLE_IDENTIFIER = "com.bogodaniele.Flux-SwiftUI";
				PRODUCT_NAME = "$(TARGET_NAME)";
				SWIFT_VERSION = 5.0;
				TARGETED_DEVICE_FAMILY = "1,2";
			};
			name = Debug;
		};
		9A90E54723A2A43200FE3523 /* Release */ = {
			isa = XCBuildConfiguration;
			baseConfigurationReference = 01ABD4B232B2B21BA4E7ECA4 /* Pods-Flux-SwiftUI.release.xcconfig */;
			buildSettings = {
				ASSETCATALOG_COMPILER_APPICON_NAME = AppIcon;
				CODE_SIGN_STYLE = Automatic;
				DEVELOPMENT_ASSET_PATHS = "\"Flux-SwiftUI/Preview Content\"";
				DEVELOPMENT_TEAM = Q3SKDBM9PM;
				ENABLE_PREVIEWS = YES;
				INFOPLIST_FILE = "Flux-SwiftUI/Info.plist";
				LD_RUNPATH_SEARCH_PATHS = (
					"$(inherited)",
					"@executable_path/Frameworks",
				);
				PRODUCT_BUNDLE_IDENTIFIER = "com.bogodaniele.Flux-SwiftUI";
				PRODUCT_NAME = "$(TARGET_NAME)";
				SWIFT_VERSION = 5.0;
				TARGETED_DEVICE_FAMILY = "1,2";
			};
			name = Release;
		};
		9A90E54923A2A43200FE3523 /* Debug */ = {
			isa = XCBuildConfiguration;
			baseConfigurationReference = EC78947667FE0022E406602E /* Pods-Flux-SwiftUIUITests.debug.xcconfig */;
			buildSettings = {
				ALWAYS_EMBED_SWIFT_STANDARD_LIBRARIES = YES;
				CODE_SIGN_STYLE = Automatic;
				DEVELOPMENT_TEAM = Q3SKDBM9PM;
				INFOPLIST_FILE = "Flux-SwiftUIUITests/Info.plist";
				LD_RUNPATH_SEARCH_PATHS = (
					"$(inherited)",
					"@executable_path/Frameworks",
					"@loader_path/Frameworks",
				);
				PRODUCT_BUNDLE_IDENTIFIER = "com.bogodaniele.Flux-SwiftUIUITests";
				PRODUCT_NAME = "$(TARGET_NAME)";
				SWIFT_VERSION = 5.0;
				TARGETED_DEVICE_FAMILY = "1,2";
				TEST_TARGET_NAME = "Flux-SwiftUI";
			};
			name = Debug;
		};
		9A90E54A23A2A43200FE3523 /* Release */ = {
			isa = XCBuildConfiguration;
			baseConfigurationReference = 2956FBDBAA841ECDBDFB87C8 /* Pods-Flux-SwiftUIUITests.release.xcconfig */;
			buildSettings = {
				ALWAYS_EMBED_SWIFT_STANDARD_LIBRARIES = YES;
				CODE_SIGN_STYLE = Automatic;
				DEVELOPMENT_TEAM = Q3SKDBM9PM;
				INFOPLIST_FILE = "Flux-SwiftUIUITests/Info.plist";
				LD_RUNPATH_SEARCH_PATHS = (
					"$(inherited)",
					"@executable_path/Frameworks",
					"@loader_path/Frameworks",
				);
				PRODUCT_BUNDLE_IDENTIFIER = "com.bogodaniele.Flux-SwiftUIUITests";
				PRODUCT_NAME = "$(TARGET_NAME)";
				SWIFT_VERSION = 5.0;
				TARGETED_DEVICE_FAMILY = "1,2";
				TEST_TARGET_NAME = "Flux-SwiftUI";
			};
			name = Release;
		};
/* End XCBuildConfiguration section */

/* Begin XCConfigurationList section */
		9A90E52123A2A42E00FE3523 /* Build configuration list for PBXProject "Flux-SwiftUI" */ = {
			isa = XCConfigurationList;
			buildConfigurations = (
				9A90E54323A2A43200FE3523 /* Debug */,
				9A90E54423A2A43200FE3523 /* Release */,
			);
			defaultConfigurationIsVisible = 0;
			defaultConfigurationName = Release;
		};
		9A90E54523A2A43200FE3523 /* Build configuration list for PBXNativeTarget "Flux-SwiftUI" */ = {
			isa = XCConfigurationList;
			buildConfigurations = (
				9A90E54623A2A43200FE3523 /* Debug */,
				9A90E54723A2A43200FE3523 /* Release */,
			);
			defaultConfigurationIsVisible = 0;
			defaultConfigurationName = Release;
		};
		9A90E54823A2A43200FE3523 /* Build configuration list for PBXNativeTarget "Flux-SwiftUIUITests" */ = {
			isa = XCConfigurationList;
			buildConfigurations = (
				9A90E54923A2A43200FE3523 /* Debug */,
				9A90E54A23A2A43200FE3523 /* Release */,
			);
			defaultConfigurationIsVisible = 0;
			defaultConfigurationName = Release;
		};
/* End XCConfigurationList section */
	};
	rootObject = 9A90E51E23A2A42E00FE3523 /* Project object */;
}
